
Microsoft Visual Studio Solution File, Format Version 12.00
# Visual Studio 15
VisualStudioVersion = 15.0.28307.421
MinimumVisualStudioVersion = 10.0.40219.1
Project("{FAE04EC0-301F-11D3-BF4B-00C04F79EFBC}") = "TeaBagMaker", "TeaBagMaker\TeaBagMaker.csproj", "{321DB85C-94B4-4023-98FE-D6582C95DCF0}"
EndProject
Global
	GlobalSection(SolutionConfigurationPlatforms) = preSolution
		Debug|Any CPU = Debug|Any CPU
		Release|Any CPU = Release|Any CPU
	EndGlobalSection
	GlobalSection(ProjectConfigurationPlatforms) = postSolution
		{321DB85C-94B4-4023-98FE-D6582C95DCF0}.Debug|Any CPU.ActiveCfg = Debug|Any CPU
		{321DB85C-94B4-4023-98FE-D6582C95DCF0}.Debug|Any CPU.Build.0 = Debug|Any CPU
		{321DB85C-94B4-4023-98FE-D6582C95DCF0}.Release|Any CPU.ActiveCfg = Release|Any CPU
		{321DB85C-94B4-4023-98FE-D6582C95DCF0}.Release|Any CPU.Build.0 = Release|Any CPU
	EndGlobalSection
	GlobalSection(SolutionProperties) = preSolution
		HideSolutionNode = FALSE
	EndGlobalSection
	GlobalSection(ExtensibilityGlobals) = postSolution
		SolutionGuid = {3C8AF48A-8038-4E9F-8081-4A0F43D16080}
	EndGlobalSection
EndGlobal
